
Microsoft Visual Studio Solution File, Format Version 12.00
# Visual Studio Version 17
VisualStudioVersion = 17.9.34902.65
MinimumVisualStudioVersion = 10.0.40219.1
Project("{FAE04EC0-301F-11D3-BF4B-00C04F79EFBC}") = "Transactions", "Transactions\Transactions.csproj", "{36A192C9-3272-48A6-ACD7-D87D5C17540E}"
EndProject
Project("{9A19103F-16F7-4668-BE54-9A1E7A4F7556}") = "Transactions.UnitTests", "Transactions.UnitTests\Transactions.UnitTests.csproj", "{F9B4A747-C3F1-4FC2-B31E-9D89CE773B4C}"
EndProject
Global
	GlobalSection(SolutionConfigurationPlatforms) = preSolution
		Debug|Any CPU = Debug|Any CPU
		Release|Any CPU = Release|Any CPU
	EndGlobalSection
	GlobalSection(ProjectConfigurationPlatforms) = postSolution
		{36A192C9-3272-48A6-ACD7-D87D5C17540E}.Debug|Any CPU.ActiveCfg = Debug|Any CPU
		{36A192C9-3272-48A6-ACD7-D87D5C17540E}.Debug|Any CPU.Build.0 = Debug|Any CPU
		{36A192C9-3272-48A6-ACD7-D87D5C17540E}.Release|Any CPU.ActiveCfg = Release|Any CPU
		{36A192C9-3272-48A6-ACD7-D87D5C17540E}.Release|Any CPU.Build.0 = Release|Any CPU
		{F9B4A747-C3F1-4FC2-B31E-9D89CE773B4C}.Debug|Any CPU.ActiveCfg = Debug|Any CPU
		{F9B4A747-C3F1-4FC2-B31E-9D89CE773B4C}.Debug|Any CPU.Build.0 = Debug|Any CPU
		{F9B4A747-C3F1-4FC2-B31E-9D89CE773B4C}.Release|Any CPU.ActiveCfg = Release|Any CPU
		{F9B4A747-C3F1-4FC2-B31E-9D89CE773B4C}.Release|Any CPU.Build.0 = Release|Any CPU
	EndGlobalSection
	GlobalSection(SolutionProperties) = preSolution
		HideSolutionNode = FALSE
	EndGlobalSection
	GlobalSection(ExtensibilityGlobals) = postSolution
		SolutionGuid = {8D7EBA84-47B6-4E9F-B9A6-BBCEE1EF1674}
	EndGlobalSection
EndGlobal
